
Microsoft Visual Studio Solution File, Format Version 12.00
# Visual Studio Version 17
VisualStudioVersion = 17.3.32825.248
MinimumVisualStudioVersion = 10.0.40219.1
Project("{8BC9CEB8-8B4A-11D0-8D11-00A0C91BC942}") = "01-1格式互转cpp", "01-1格式互转cpp\01-1格式互转cpp.vcxproj", "{F0212FBE-F10F-4111-8673-E42F1F6067F2}"
EndProject
Project("{8BC9CEB8-8B4A-11D0-8D11-00A0C91BC942}") = "01-2格式互转c", "01-2格式互转c\01-2格式互转c.vcxproj", "{3927087E-95A5-4CA3-BE94-3697AE798403}"
EndProject
Project("{8BC9CEB8-8B4A-11D0-8D11-00A0C91BC942}") = "02文件十六进制查看", "02文件十六进制查看\02文件十六进制查看.vcxproj", "{7376E239-6F32-4C71-91B3-9946917AECEE}"
EndProject
Project("{8BC9CEB8-8B4A-11D0-8D11-00A0C91BC942}") = "03文件十六进制查看逆转换", "03文件十六进制查看逆转换\03文件十六进制查看逆转换.vcxproj", "{E4DA941D-8107-4881-B18F-63972EDCB6A5}"
EndProject
Project("{8BC9CEB8-8B4A-11D0-8D11-00A0C91BC942}") = "04-1游戏配置cpp限", "04-1游戏配置cpp限\04-1游戏配置cpp限.vcxproj", "{446FC030-C4B2-4CFE-98C0-B95983CC7158}"
EndProject
Project("{8BC9CEB8-8B4A-11D0-8D11-00A0C91BC942}") = "04-2游戏配置c限", "04-2游戏配置c限\04-2游戏配置c限.vcxproj", "{7B90010B-138C-4A0D-9589-2D921F64578F}"
EndProject
Project("{8BC9CEB8-8B4A-11D0-8D11-00A0C91BC942}") = "04-3游戏配置cpp不限", "04-3游戏配置cpp不限\04-3游戏配置cpp不限.vcxproj", "{73BA1CB0-1F04-463B-AFEA-8BA275D06E37}"
EndProject
Project("{8BC9CEB8-8B4A-11D0-8D11-00A0C91BC942}") = "05作业次行检查", "05作业次行检查\05作业次行检查.vcxproj", "{FBF33ACA-13B1-49F7-B0CB-2612CA3E76B9}"
EndProject
Global
	GlobalSection(SolutionConfigurationPlatforms) = preSolution
		Debug|x64 = Debug|x64
		Debug|x86 = Debug|x86
		Release|x64 = Release|x64
		Release|x86 = Release|x86
	EndGlobalSection
	GlobalSection(ProjectConfigurationPlatforms) = postSolution
		{F0212FBE-F10F-4111-8673-E42F1F6067F2}.Debug|x64.ActiveCfg = Debug|x64
		{F0212FBE-F10F-4111-8673-E42F1F6067F2}.Debug|x64.Build.0 = Debug|x64
		{F0212FBE-F10F-4111-8673-E42F1F6067F2}.Debug|x86.ActiveCfg = Debug|Win32
		{F0212FBE-F10F-4111-8673-E42F1F6067F2}.Debug|x86.Build.0 = Debug|Win32
		{F0212FBE-F10F-4111-8673-E42F1F6067F2}.Release|x64.ActiveCfg = Release|x64
		{F0212FBE-F10F-4111-8673-E42F1F6067F2}.Release|x64.Build.0 = Release|x64
		{F0212FBE-F10F-4111-8673-E42F1F6067F2}.Release|x86.ActiveCfg = Release|Win32
		{F0212FBE-F10F-4111-8673-E42F1F6067F2}.Release|x86.Build.0 = Release|Win32
		{3927087E-95A5-4CA3-BE94-3697AE798403}.Debug|x64.ActiveCfg = Debug|x64
		{3927087E-95A5-4CA3-BE94-3697AE798403}.Debug|x64.Build.0 = Debug|x64
		{3927087E-95A5-4CA3-BE94-3697AE798403}.Debug|x86.ActiveCfg = Debug|Win32
		{3927087E-95A5-4CA3-BE94-3697AE798403}.Debug|x86.Build.0 = Debug|Win32
		{3927087E-95A5-4CA3-BE94-3697AE798403}.Release|x64.ActiveCfg = Release|x64
		{3927087E-95A5-4CA3-BE94-3697AE798403}.Release|x64.Build.0 = Release|x64
		{3927087E-95A5-4CA3-BE94-3697AE798403}.Release|x86.ActiveCfg = Release|Win32
		{3927087E-95A5-4CA3-BE94-3697AE798403}.Release|x86.Build.0 = Release|Win32
		{7376E239-6F32-4C71-91B3-9946917AECEE}.Debug|x64.ActiveCfg = Debug|x64
		{7376E239-6F32-4C71-91B3-9946917AECEE}.Debug|x64.Build.0 = Debug|x64
		{7376E239-6F32-4C71-91B3-9946917AECEE}.Debug|x86.ActiveCfg = Debug|Win32
		{7376E239-6F32-4C71-91B3-9946917AECEE}.Debug|x86.Build.0 = Debug|Win32
		{7376E239-6F32-4C71-91B3-9946917AECEE}.Release|x64.ActiveCfg = Release|x64
		{7376E239-6F32-4C71-91B3-9946917AECEE}.Release|x64.Build.0 = Release|x64
		{7376E239-6F32-4C71-91B3-9946917AECEE}.Release|x86.ActiveCfg = Release|Win32
		{7376E239-6F32-4C71-91B3-9946917AECEE}.Release|x86.Build.0 = Release|Win32
		{E4DA941D-8107-4881-B18F-63972EDCB6A5}.Debug|x64.ActiveCfg = Debug|x64
		{E4DA941D-8107-4881-B18F-63972EDCB6A5}.Debug|x64.Build.0 = Debug|x64
		{E4DA941D-8107-4881-B18F-63972EDCB6A5}.Debug|x86.ActiveCfg = Debug|Win32
		{E4DA941D-8107-4881-B18F-63972EDCB6A5}.Debug|x86.Build.0 = Debug|Win32
		{E4DA941D-8107-4881-B18F-63972EDCB6A5}.Release|x64.ActiveCfg = Release|x64
		{E4DA941D-8107-4881-B18F-63972EDCB6A5}.Release|x64.Build.0 = Release|x64
		{E4DA941D-8107-4881-B18F-63972EDCB6A5}.Release|x86.ActiveCfg = Release|Win32
		{E4DA941D-8107-4881-B18F-63972EDCB6A5}.Release|x86.Build.0 = Release|Win32
		{446FC030-C4B2-4CFE-98C0-B95983CC7158}.Debug|x64.ActiveCfg = Debug|x64
		{446FC030-C4B2-4CFE-98C0-B95983CC7158}.Debug|x64.Build.0 = Debug|x64
		{446FC030-C4B2-4CFE-98C0-B95983CC7158}.Debug|x86.ActiveCfg = Debug|Win32
		{446FC030-C4B2-4CFE-98C0-B95983CC7158}.Debug|x86.Build.0 = Debug|Win32
		{446FC030-C4B2-4CFE-98C0-B95983CC7158}.Release|x64.ActiveCfg = Release|x64
		{446FC030-C4B2-4CFE-98C0-B95983CC7158}.Release|x64.Build.0 = Release|x64
		{446FC030-C4B2-4CFE-98C0-B95983CC7158}.Release|x86.ActiveCfg = Release|Win32
		{446FC030-C4B2-4CFE-98C0-B95983CC7158}.Release|x86.Build.0 = Release|Win32
		{7B90010B-138C-4A0D-9589-2D921F64578F}.Debug|x64.ActiveCfg = Debug|x64
		{7B90010B-138C-4A0D-9589-2D921F64578F}.Debug|x64.Build.0 = Debug|x64
		{7B90010B-138C-4A0D-9589-2D921F64578F}.Debug|x86.ActiveCfg = Debug|Win32
		{7B90010B-138C-4A0D-9589-2D921F64578F}.Debug|x86.Build.0 = Debug|Win32
		{7B90010B-138C-4A0D-9589-2D921F64578F}.Release|x64.ActiveCfg = Release|x64
		{7B90010B-138C-4A0D-9589-2D921F64578F}.Release|x64.Build.0 = Release|x64
		{7B90010B-138C-4A0D-9589-2D921F64578F}.Release|x86.ActiveCfg = Release|Win32
		{7B90010B-138C-4A0D-9589-2D921F64578F}.Release|x86.Build.0 = Release|Win32
		{73BA1CB0-1F04-463B-AFEA-8BA275D06E37}.Debug|x64.ActiveCfg = Debug|x64
		{73BA1CB0-1F04-463B-AFEA-8BA275D06E37}.Debug|x64.Build.0 = Debug|x64
		{73BA1CB0-1F04-463B-AFEA-8BA275D06E37}.Debug|x86.ActiveCfg = Debug|Win32
		{73BA1CB0-1F04-463B-AFEA-8BA275D06E37}.Debug|x86.Build.0 = Debug|Win32
		{73BA1CB0-1F04-463B-AFEA-8BA275D06E37}.Release|x64.ActiveCfg = Release|x64
		{73BA1CB0-1F04-463B-AFEA-8BA275D06E37}.Release|x64.Build.0 = Release|x64
		{73BA1CB0-1F04-463B-AFEA-8BA275D06E37}.Release|x86.ActiveCfg = Release|Win32
		{73BA1CB0-1F04-463B-AFEA-8BA275D06E37}.Release|x86.Build.0 = Release|Win32
		{FBF33ACA-13B1-49F7-B0CB-2612CA3E76B9}.Debug|x64.ActiveCfg = Debug|x64
		{FBF33ACA-13B1-49F7-B0CB-2612CA3E76B9}.Debug|x64.Build.0 = Debug|x64
		{FBF33ACA-13B1-49F7-B0CB-2612CA3E76B9}.Debug|x86.ActiveCfg = Debug|Win32
		{FBF33ACA-13B1-49F7-B0CB-2612CA3E76B9}.Debug|x86.Build.0 = Debug|Win32
		{FBF33ACA-13B1-49F7-B0CB-2612CA3E76B9}.Release|x64.ActiveCfg = Release|x64
		{FBF33ACA-13B1-49F7-B0CB-2612CA3E76B9}.Release|x64.Build.0 = Release|x64
		{FBF33ACA-13B1-49F7-B0CB-2612CA3E76B9}.Release|x86.ActiveCfg = Release|Win32
		{FBF33ACA-13B1-49F7-B0CB-2612CA3E76B9}.Release|x86.Build.0 = Release|Win32
	EndGlobalSection
	GlobalSection(SolutionProperties) = preSolution
		HideSolutionNode = FALSE
	EndGlobalSection
	GlobalSection(ExtensibilityGlobals) = postSolution
		SolutionGuid = {174180E5-A4E0-4CF3-8686-3D273D20B092}
	EndGlobalSection
EndGlobal
