
Microsoft Visual Studio Solution File, Format Version 12.00
# Visual Studio Version 16
VisualStudioVersion = 16.0.31624.102
MinimumVisualStudioVersion = 10.0.40219.1
Project("{8BC9CEB8-8B4A-11D0-8D11-00A0C91BC942}") = "上机考试01", "上机考试01\上机考试01.vcxproj", "{BE6CEFE7-9EC7-497A-8E06-38771268E7FB}"
EndProject
Project("{8BC9CEB8-8B4A-11D0-8D11-00A0C91BC942}") = "上机考试02", "上机考试02\上机考试02.vcxproj", "{036048E5-B470-441E-81A7-8C24DDC34AD5}"
EndProject
Project("{8BC9CEB8-8B4A-11D0-8D11-00A0C91BC942}") = "上机考试03", "上机考试03\上机考试03.vcxproj", "{B9344EE9-676E-436C-B14E-12E0CFD4F391}"
EndProject
Project("{8BC9CEB8-8B4A-11D0-8D11-00A0C91BC942}") = "上机考试04", "上机考试04\上机考试04.vcxproj", "{4E315219-AB98-4216-9B0C-380C196ED20F}"
EndProject
Project("{8BC9CEB8-8B4A-11D0-8D11-00A0C91BC942}") = "上机考试05", "上机考试05\上机考试05.vcxproj", "{06496DCB-1EE9-414A-9124-5EE8088A8106}"
EndProject
Project("{8BC9CEB8-8B4A-11D0-8D11-00A0C91BC942}") = "上机考试06", "上机考试06\上机考试06.vcxproj", "{E5BF7342-8C6C-47E4-8585-350ED36EE3F1}"
EndProject
Project("{8BC9CEB8-8B4A-11D0-8D11-00A0C91BC942}") = "上机考试07", "上机考试07\上机考试07.vcxproj", "{686D0A27-94C8-49FE-8811-DBE204201A4F}"
EndProject
Project("{8BC9CEB8-8B4A-11D0-8D11-00A0C91BC942}") = "上机考试08", "上机考试08\上机考试08.vcxproj", "{87FD8DDD-E5FE-4DE7-8202-22E676C4ED9C}"
EndProject
Project("{8BC9CEB8-8B4A-11D0-8D11-00A0C91BC942}") = "上机考试09", "上机考试09\上机考试09.vcxproj", "{B0A5C3F7-D7EC-469C-B8DA-B62397C92C49}"
EndProject
Project("{8BC9CEB8-8B4A-11D0-8D11-00A0C91BC942}") = "上机考试10", "上机考试10\上机考试10.vcxproj", "{F1AEBA90-FE1D-4B24-AC87-FF77B3F92A63}"
EndProject
Project("{8BC9CEB8-8B4A-11D0-8D11-00A0C91BC942}") = "上机考试11", "上机考试11\上机考试11.vcxproj", "{433A86E9-8121-4D49-AE46-5A8E46692BBD}"
EndProject
Global
	GlobalSection(SolutionConfigurationPlatforms) = preSolution
		Debug|x64 = Debug|x64
		Debug|x86 = Debug|x86
		Release|x64 = Release|x64
		Release|x86 = Release|x86
	EndGlobalSection
	GlobalSection(ProjectConfigurationPlatforms) = postSolution
		{BE6CEFE7-9EC7-497A-8E06-38771268E7FB}.Debug|x64.ActiveCfg = Debug|x64
		{BE6CEFE7-9EC7-497A-8E06-38771268E7FB}.Debug|x64.Build.0 = Debug|x64
		{BE6CEFE7-9EC7-497A-8E06-38771268E7FB}.Debug|x86.ActiveCfg = Debug|Win32
		{BE6CEFE7-9EC7-497A-8E06-38771268E7FB}.Debug|x86.Build.0 = Debug|Win32
		{BE6CEFE7-9EC7-497A-8E06-38771268E7FB}.Release|x64.ActiveCfg = Release|x64
		{BE6CEFE7-9EC7-497A-8E06-38771268E7FB}.Release|x64.Build.0 = Release|x64
		{BE6CEFE7-9EC7-497A-8E06-38771268E7FB}.Release|x86.ActiveCfg = Release|Win32
		{BE6CEFE7-9EC7-497A-8E06-38771268E7FB}.Release|x86.Build.0 = Release|Win32
		{036048E5-B470-441E-81A7-8C24DDC34AD5}.Debug|x64.ActiveCfg = Debug|x64
		{036048E5-B470-441E-81A7-8C24DDC34AD5}.Debug|x64.Build.0 = Debug|x64
		{036048E5-B470-441E-81A7-8C24DDC34AD5}.Debug|x86.ActiveCfg = Debug|Win32
		{036048E5-B470-441E-81A7-8C24DDC34AD5}.Debug|x86.Build.0 = Debug|Win32
		{036048E5-B470-441E-81A7-8C24DDC34AD5}.Release|x64.ActiveCfg = Release|x64
		{036048E5-B470-441E-81A7-8C24DDC34AD5}.Release|x64.Build.0 = Release|x64
		{036048E5-B470-441E-81A7-8C24DDC34AD5}.Release|x86.ActiveCfg = Release|Win32
		{036048E5-B470-441E-81A7-8C24DDC34AD5}.Release|x86.Build.0 = Release|Win32
		{B9344EE9-676E-436C-B14E-12E0CFD4F391}.Debug|x64.ActiveCfg = Debug|x64
		{B9344EE9-676E-436C-B14E-12E0CFD4F391}.Debug|x64.Build.0 = Debug|x64
		{B9344EE9-676E-436C-B14E-12E0CFD4F391}.Debug|x86.ActiveCfg = Debug|Win32
		{B9344EE9-676E-436C-B14E-12E0CFD4F391}.Debug|x86.Build.0 = Debug|Win32
		{B9344EE9-676E-436C-B14E-12E0CFD4F391}.Release|x64.ActiveCfg = Release|x64
		{B9344EE9-676E-436C-B14E-12E0CFD4F391}.Release|x64.Build.0 = Release|x64
		{B9344EE9-676E-436C-B14E-12E0CFD4F391}.Release|x86.ActiveCfg = Release|Win32
		{B9344EE9-676E-436C-B14E-12E0CFD4F391}.Release|x86.Build.0 = Release|Win32
		{4E315219-AB98-4216-9B0C-380C196ED20F}.Debug|x64.ActiveCfg = Debug|x64
		{4E315219-AB98-4216-9B0C-380C196ED20F}.Debug|x64.Build.0 = Debug|x64
		{4E315219-AB98-4216-9B0C-380C196ED20F}.Debug|x86.ActiveCfg = Debug|Win32
		{4E315219-AB98-4216-9B0C-380C196ED20F}.Debug|x86.Build.0 = Debug|Win32
		{4E315219-AB98-4216-9B0C-380C196ED20F}.Release|x64.ActiveCfg = Release|x64
		{4E315219-AB98-4216-9B0C-380C196ED20F}.Release|x64.Build.0 = Release|x64
		{4E315219-AB98-4216-9B0C-380C196ED20F}.Release|x86.ActiveCfg = Release|Win32
		{4E315219-AB98-4216-9B0C-380C196ED20F}.Release|x86.Build.0 = Release|Win32
		{06496DCB-1EE9-414A-9124-5EE8088A8106}.Debug|x64.ActiveCfg = Debug|x64
		{06496DCB-1EE9-414A-9124-5EE8088A8106}.Debug|x64.Build.0 = Debug|x64
		{06496DCB-1EE9-414A-9124-5EE8088A8106}.Debug|x86.ActiveCfg = Debug|Win32
		{06496DCB-1EE9-414A-9124-5EE8088A8106}.Debug|x86.Build.0 = Debug|Win32
		{06496DCB-1EE9-414A-9124-5EE8088A8106}.Release|x64.ActiveCfg = Release|x64
		{06496DCB-1EE9-414A-9124-5EE8088A8106}.Release|x64.Build.0 = Release|x64
		{06496DCB-1EE9-414A-9124-5EE8088A8106}.Release|x86.ActiveCfg = Release|Win32
		{06496DCB-1EE9-414A-9124-5EE8088A8106}.Release|x86.Build.0 = Release|Win32
		{E5BF7342-8C6C-47E4-8585-350ED36EE3F1}.Debug|x64.ActiveCfg = Debug|x64
		{E5BF7342-8C6C-47E4-8585-350ED36EE3F1}.Debug|x64.Build.0 = Debug|x64
		{E5BF7342-8C6C-47E4-8585-350ED36EE3F1}.Debug|x86.ActiveCfg = Debug|Win32
		{E5BF7342-8C6C-47E4-8585-350ED36EE3F1}.Debug|x86.Build.0 = Debug|Win32
		{E5BF7342-8C6C-47E4-8585-350ED36EE3F1}.Release|x64.ActiveCfg = Release|x64
		{E5BF7342-8C6C-47E4-8585-350ED36EE3F1}.Release|x64.Build.0 = Release|x64
		{E5BF7342-8C6C-47E4-8585-350ED36EE3F1}.Release|x86.ActiveCfg = Release|Win32
		{E5BF7342-8C6C-47E4-8585-350ED36EE3F1}.Release|x86.Build.0 = Release|Win32
		{686D0A27-94C8-49FE-8811-DBE204201A4F}.Debug|x64.ActiveCfg = Debug|x64
		{686D0A27-94C8-49FE-8811-DBE204201A4F}.Debug|x64.Build.0 = Debug|x64
		{686D0A27-94C8-49FE-8811-DBE204201A4F}.Debug|x86.ActiveCfg = Debug|Win32
		{686D0A27-94C8-49FE-8811-DBE204201A4F}.Debug|x86.Build.0 = Debug|Win32
		{686D0A27-94C8-49FE-8811-DBE204201A4F}.Release|x64.ActiveCfg = Release|x64
		{686D0A27-94C8-49FE-8811-DBE204201A4F}.Release|x64.Build.0 = Release|x64
		{686D0A27-94C8-49FE-8811-DBE204201A4F}.Release|x86.ActiveCfg = Release|Win32
		{686D0A27-94C8-49FE-8811-DBE204201A4F}.Release|x86.Build.0 = Release|Win32
		{87FD8DDD-E5FE-4DE7-8202-22E676C4ED9C}.Debug|x64.ActiveCfg = Debug|x64
		{87FD8DDD-E5FE-4DE7-8202-22E676C4ED9C}.Debug|x64.Build.0 = Debug|x64
		{87FD8DDD-E5FE-4DE7-8202-22E676C4ED9C}.Debug|x86.ActiveCfg = Debug|Win32
		{87FD8DDD-E5FE-4DE7-8202-22E676C4ED9C}.Debug|x86.Build.0 = Debug|Win32
		{87FD8DDD-E5FE-4DE7-8202-22E676C4ED9C}.Release|x64.ActiveCfg = Release|x64
		{87FD8DDD-E5FE-4DE7-8202-22E676C4ED9C}.Release|x64.Build.0 = Release|x64
		{87FD8DDD-E5FE-4DE7-8202-22E676C4ED9C}.Release|x86.ActiveCfg = Release|Win32
		{87FD8DDD-E5FE-4DE7-8202-22E676C4ED9C}.Release|x86.Build.0 = Release|Win32
		{B0A5C3F7-D7EC-469C-B8DA-B62397C92C49}.Debug|x64.ActiveCfg = Debug|x64
		{B0A5C3F7-D7EC-469C-B8DA-B62397C92C49}.Debug|x64.Build.0 = Debug|x64
		{B0A5C3F7-D7EC-469C-B8DA-B62397C92C49}.Debug|x86.ActiveCfg = Debug|Win32
		{B0A5C3F7-D7EC-469C-B8DA-B62397C92C49}.Debug|x86.Build.0 = Debug|Win32
		{B0A5C3F7-D7EC-469C-B8DA-B62397C92C49}.Release|x64.ActiveCfg = Release|x64
		{B0A5C3F7-D7EC-469C-B8DA-B62397C92C49}.Release|x64.Build.0 = Release|x64
		{B0A5C3F7-D7EC-469C-B8DA-B62397C92C49}.Release|x86.ActiveCfg = Release|Win32
		{B0A5C3F7-D7EC-469C-B8DA-B62397C92C49}.Release|x86.Build.0 = Release|Win32
		{F1AEBA90-FE1D-4B24-AC87-FF77B3F92A63}.Debug|x64.ActiveCfg = Debug|x64
		{F1AEBA90-FE1D-4B24-AC87-FF77B3F92A63}.Debug|x64.Build.0 = Debug|x64
		{F1AEBA90-FE1D-4B24-AC87-FF77B3F92A63}.Debug|x86.ActiveCfg = Debug|Win32
		{F1AEBA90-FE1D-4B24-AC87-FF77B3F92A63}.Debug|x86.Build.0 = Debug|Win32
		{F1AEBA90-FE1D-4B24-AC87-FF77B3F92A63}.Release|x64.ActiveCfg = Release|x64
		{F1AEBA90-FE1D-4B24-AC87-FF77B3F92A63}.Release|x64.Build.0 = Release|x64
		{F1AEBA90-FE1D-4B24-AC87-FF77B3F92A63}.Release|x86.ActiveCfg = Release|Win32
		{F1AEBA90-FE1D-4B24-AC87-FF77B3F92A63}.Release|x86.Build.0 = Release|Win32
		{433A86E9-8121-4D49-AE46-5A8E46692BBD}.Debug|x64.ActiveCfg = Debug|x64
		{433A86E9-8121-4D49-AE46-5A8E46692BBD}.Debug|x64.Build.0 = Debug|x64
		{433A86E9-8121-4D49-AE46-5A8E46692BBD}.Debug|x86.ActiveCfg = Debug|Win32
		{433A86E9-8121-4D49-AE46-5A8E46692BBD}.Debug|x86.Build.0 = Debug|Win32
		{433A86E9-8121-4D49-AE46-5A8E46692BBD}.Release|x64.ActiveCfg = Release|x64
		{433A86E9-8121-4D49-AE46-5A8E46692BBD}.Release|x64.Build.0 = Release|x64
		{433A86E9-8121-4D49-AE46-5A8E46692BBD}.Release|x86.ActiveCfg = Release|Win32
		{433A86E9-8121-4D49-AE46-5A8E46692BBD}.Release|x86.Build.0 = Release|Win32
	EndGlobalSection
	GlobalSection(SolutionProperties) = preSolution
		HideSolutionNode = FALSE
	EndGlobalSection
	GlobalSection(ExtensibilityGlobals) = postSolution
		SolutionGuid = {F8FA9F0E-FA07-4311-ABA1-F25DB44A6177}
	EndGlobalSection
EndGlobal
