
Microsoft Visual Studio Solution File, Format Version 12.00
# Visual Studio Version 17
VisualStudioVersion = 17.3.32825.248
MinimumVisualStudioVersion = 10.0.40219.1
Project("{8BC9CEB8-8B4A-11D0-8D11-00A0C91BC942}") = "01成绩排序(学号，C)", "01成绩排序(学号，C)\01成绩排序(学号，C).vcxproj", "{68369683-0766-4D3F-8C9F-33B092F057D7}"
EndProject
Project("{8BC9CEB8-8B4A-11D0-8D11-00A0C91BC942}") = "01成绩排序(学号,c++)", "01成绩排序(学号,c++)\01成绩排序(学号,c++).vcxproj", "{93039508-AD1C-4AC7-A1B4-28FB053DA0F4}"
EndProject
Project("{8BC9CEB8-8B4A-11D0-8D11-00A0C91BC942}") = "01成绩排序(名次,C)", "01成绩排序(名次,C)\01成绩排序(名次,C).vcxproj", "{2D96E8CE-F270-411E-B557-6B1BB58D65C6}"
EndProject
Project("{8BC9CEB8-8B4A-11D0-8D11-00A0C91BC942}") = "01成绩排序(名次,c++)", "01成绩排序(名次,c++)\01成绩排序(名次,c++).vcxproj", "{D1147553-6BD8-45AF-B06B-9218043AB6BE}"
EndProject
Project("{8BC9CEB8-8B4A-11D0-8D11-00A0C91BC942}") = "02链表(C方式)", "02链表(C方式)\02链表(C方式).vcxproj", "{EB2C1F40-050C-4B55-B3A3-5229D997DA63}"
EndProject
Project("{8BC9CEB8-8B4A-11D0-8D11-00A0C91BC942}") = "02链表(C++方式)", "02链表(C++方式)\02链表(C++方式).vcxproj", "{91961D34-58A8-4687-BD1D-7A0382F20703}"
EndProject
Project("{8BC9CEB8-8B4A-11D0-8D11-00A0C91BC942}") = "03链表二次申请(C方式)", "03链表二次申请(C方式)\03链表二次申请(C方式).vcxproj", "{DCA8DF24-86A4-4FA7-B13B-396233206496}"
EndProject
Project("{8BC9CEB8-8B4A-11D0-8D11-00A0C91BC942}") = "03链表二次申请(C++方式)", "03链表二次申请(C++方式)\03链表二次申请(C++方式).vcxproj", "{A38B03A8-096C-4425-BC2C-F58091DAEDCD}"
EndProject
Project("{8BC9CEB8-8B4A-11D0-8D11-00A0C91BC942}") = "04随机抽取", "04随机抽取\04随机抽取.vcxproj", "{F83735B9-4A7F-4E0E-8DE1-00D78104BDC8}"
EndProject
Project("{8BC9CEB8-8B4A-11D0-8D11-00A0C91BC942}") = "06简单的string类", "06简单的string类\06简单的string类.vcxproj", "{88D5118B-E7AE-4958-9753-E3A6A8C2BF12}"
EndProject
Project("{8BC9CEB8-8B4A-11D0-8D11-00A0C91BC942}") = "08条件编译(C方式)", "08条件编译(C方式)\08条件编译(C方式).vcxproj", "{51CCDC7C-99E6-44BB-8C58-9B67829D9F6A}"
EndProject
Project("{8BC9CEB8-8B4A-11D0-8D11-00A0C91BC942}") = "08条件编译(C++)", "08条件编译(C++)\08条件编译(C++).vcxproj", "{7EDF9150-8AB0-48EF-B717-908F10F4CCA4}"
EndProject
Project("{8BC9CEB8-8B4A-11D0-8D11-00A0C91BC942}") = "09顺序表六合一", "09顺序表六合一\09顺序表六合一.vcxproj", "{AE394E73-893B-48BC-B848-395148C3764E}"
EndProject
Global
	GlobalSection(SolutionConfigurationPlatforms) = preSolution
		Debug|x64 = Debug|x64
		Debug|x86 = Debug|x86
		Release|x64 = Release|x64
		Release|x86 = Release|x86
	EndGlobalSection
	GlobalSection(ProjectConfigurationPlatforms) = postSolution
		{68369683-0766-4D3F-8C9F-33B092F057D7}.Debug|x64.ActiveCfg = Debug|x64
		{68369683-0766-4D3F-8C9F-33B092F057D7}.Debug|x64.Build.0 = Debug|x64
		{68369683-0766-4D3F-8C9F-33B092F057D7}.Debug|x86.ActiveCfg = Debug|Win32
		{68369683-0766-4D3F-8C9F-33B092F057D7}.Debug|x86.Build.0 = Debug|Win32
		{68369683-0766-4D3F-8C9F-33B092F057D7}.Release|x64.ActiveCfg = Release|x64
		{68369683-0766-4D3F-8C9F-33B092F057D7}.Release|x64.Build.0 = Release|x64
		{68369683-0766-4D3F-8C9F-33B092F057D7}.Release|x86.ActiveCfg = Release|Win32
		{68369683-0766-4D3F-8C9F-33B092F057D7}.Release|x86.Build.0 = Release|Win32
		{93039508-AD1C-4AC7-A1B4-28FB053DA0F4}.Debug|x64.ActiveCfg = Debug|x64
		{93039508-AD1C-4AC7-A1B4-28FB053DA0F4}.Debug|x64.Build.0 = Debug|x64
		{93039508-AD1C-4AC7-A1B4-28FB053DA0F4}.Debug|x86.ActiveCfg = Debug|Win32
		{93039508-AD1C-4AC7-A1B4-28FB053DA0F4}.Debug|x86.Build.0 = Debug|Win32
		{93039508-AD1C-4AC7-A1B4-28FB053DA0F4}.Release|x64.ActiveCfg = Release|x64
		{93039508-AD1C-4AC7-A1B4-28FB053DA0F4}.Release|x64.Build.0 = Release|x64
		{93039508-AD1C-4AC7-A1B4-28FB053DA0F4}.Release|x86.ActiveCfg = Release|Win32
		{93039508-AD1C-4AC7-A1B4-28FB053DA0F4}.Release|x86.Build.0 = Release|Win32
		{2D96E8CE-F270-411E-B557-6B1BB58D65C6}.Debug|x64.ActiveCfg = Debug|x64
		{2D96E8CE-F270-411E-B557-6B1BB58D65C6}.Debug|x64.Build.0 = Debug|x64
		{2D96E8CE-F270-411E-B557-6B1BB58D65C6}.Debug|x86.ActiveCfg = Debug|Win32
		{2D96E8CE-F270-411E-B557-6B1BB58D65C6}.Debug|x86.Build.0 = Debug|Win32
		{2D96E8CE-F270-411E-B557-6B1BB58D65C6}.Release|x64.ActiveCfg = Release|x64
		{2D96E8CE-F270-411E-B557-6B1BB58D65C6}.Release|x64.Build.0 = Release|x64
		{2D96E8CE-F270-411E-B557-6B1BB58D65C6}.Release|x86.ActiveCfg = Release|Win32
		{2D96E8CE-F270-411E-B557-6B1BB58D65C6}.Release|x86.Build.0 = Release|Win32
		{D1147553-6BD8-45AF-B06B-9218043AB6BE}.Debug|x64.ActiveCfg = Debug|x64
		{D1147553-6BD8-45AF-B06B-9218043AB6BE}.Debug|x64.Build.0 = Debug|x64
		{D1147553-6BD8-45AF-B06B-9218043AB6BE}.Debug|x86.ActiveCfg = Debug|Win32
		{D1147553-6BD8-45AF-B06B-9218043AB6BE}.Debug|x86.Build.0 = Debug|Win32
		{D1147553-6BD8-45AF-B06B-9218043AB6BE}.Release|x64.ActiveCfg = Release|x64
		{D1147553-6BD8-45AF-B06B-9218043AB6BE}.Release|x64.Build.0 = Release|x64
		{D1147553-6BD8-45AF-B06B-9218043AB6BE}.Release|x86.ActiveCfg = Release|Win32
		{D1147553-6BD8-45AF-B06B-9218043AB6BE}.Release|x86.Build.0 = Release|Win32
		{EB2C1F40-050C-4B55-B3A3-5229D997DA63}.Debug|x64.ActiveCfg = Debug|x64
		{EB2C1F40-050C-4B55-B3A3-5229D997DA63}.Debug|x64.Build.0 = Debug|x64
		{EB2C1F40-050C-4B55-B3A3-5229D997DA63}.Debug|x86.ActiveCfg = Debug|Win32
		{EB2C1F40-050C-4B55-B3A3-5229D997DA63}.Debug|x86.Build.0 = Debug|Win32
		{EB2C1F40-050C-4B55-B3A3-5229D997DA63}.Release|x64.ActiveCfg = Release|x64
		{EB2C1F40-050C-4B55-B3A3-5229D997DA63}.Release|x64.Build.0 = Release|x64
		{EB2C1F40-050C-4B55-B3A3-5229D997DA63}.Release|x86.ActiveCfg = Release|Win32
		{EB2C1F40-050C-4B55-B3A3-5229D997DA63}.Release|x86.Build.0 = Release|Win32
		{91961D34-58A8-4687-BD1D-7A0382F20703}.Debug|x64.ActiveCfg = Debug|x64
		{91961D34-58A8-4687-BD1D-7A0382F20703}.Debug|x64.Build.0 = Debug|x64
		{91961D34-58A8-4687-BD1D-7A0382F20703}.Debug|x86.ActiveCfg = Debug|Win32
		{91961D34-58A8-4687-BD1D-7A0382F20703}.Debug|x86.Build.0 = Debug|Win32
		{91961D34-58A8-4687-BD1D-7A0382F20703}.Release|x64.ActiveCfg = Release|x64
		{91961D34-58A8-4687-BD1D-7A0382F20703}.Release|x64.Build.0 = Release|x64
		{91961D34-58A8-4687-BD1D-7A0382F20703}.Release|x86.ActiveCfg = Release|Win32
		{91961D34-58A8-4687-BD1D-7A0382F20703}.Release|x86.Build.0 = Release|Win32
		{DCA8DF24-86A4-4FA7-B13B-396233206496}.Debug|x64.ActiveCfg = Debug|x64
		{DCA8DF24-86A4-4FA7-B13B-396233206496}.Debug|x64.Build.0 = Debug|x64
		{DCA8DF24-86A4-4FA7-B13B-396233206496}.Debug|x86.ActiveCfg = Debug|Win32
		{DCA8DF24-86A4-4FA7-B13B-396233206496}.Debug|x86.Build.0 = Debug|Win32
		{DCA8DF24-86A4-4FA7-B13B-396233206496}.Release|x64.ActiveCfg = Release|x64
		{DCA8DF24-86A4-4FA7-B13B-396233206496}.Release|x64.Build.0 = Release|x64
		{DCA8DF24-86A4-4FA7-B13B-396233206496}.Release|x86.ActiveCfg = Release|Win32
		{DCA8DF24-86A4-4FA7-B13B-396233206496}.Release|x86.Build.0 = Release|Win32
		{A38B03A8-096C-4425-BC2C-F58091DAEDCD}.Debug|x64.ActiveCfg = Debug|x64
		{A38B03A8-096C-4425-BC2C-F58091DAEDCD}.Debug|x64.Build.0 = Debug|x64
		{A38B03A8-096C-4425-BC2C-F58091DAEDCD}.Debug|x86.ActiveCfg = Debug|Win32
		{A38B03A8-096C-4425-BC2C-F58091DAEDCD}.Debug|x86.Build.0 = Debug|Win32
		{A38B03A8-096C-4425-BC2C-F58091DAEDCD}.Release|x64.ActiveCfg = Release|x64
		{A38B03A8-096C-4425-BC2C-F58091DAEDCD}.Release|x64.Build.0 = Release|x64
		{A38B03A8-096C-4425-BC2C-F58091DAEDCD}.Release|x86.ActiveCfg = Release|Win32
		{A38B03A8-096C-4425-BC2C-F58091DAEDCD}.Release|x86.Build.0 = Release|Win32
		{F83735B9-4A7F-4E0E-8DE1-00D78104BDC8}.Debug|x64.ActiveCfg = Debug|x64
		{F83735B9-4A7F-4E0E-8DE1-00D78104BDC8}.Debug|x64.Build.0 = Debug|x64
		{F83735B9-4A7F-4E0E-8DE1-00D78104BDC8}.Debug|x86.ActiveCfg = Debug|Win32
		{F83735B9-4A7F-4E0E-8DE1-00D78104BDC8}.Debug|x86.Build.0 = Debug|Win32
		{F83735B9-4A7F-4E0E-8DE1-00D78104BDC8}.Release|x64.ActiveCfg = Release|x64
		{F83735B9-4A7F-4E0E-8DE1-00D78104BDC8}.Release|x64.Build.0 = Release|x64
		{F83735B9-4A7F-4E0E-8DE1-00D78104BDC8}.Release|x86.ActiveCfg = Release|Win32
		{F83735B9-4A7F-4E0E-8DE1-00D78104BDC8}.Release|x86.Build.0 = Release|Win32
		{88D5118B-E7AE-4958-9753-E3A6A8C2BF12}.Debug|x64.ActiveCfg = Debug|x64
		{88D5118B-E7AE-4958-9753-E3A6A8C2BF12}.Debug|x64.Build.0 = Debug|x64
		{88D5118B-E7AE-4958-9753-E3A6A8C2BF12}.Debug|x86.ActiveCfg = Debug|Win32
		{88D5118B-E7AE-4958-9753-E3A6A8C2BF12}.Debug|x86.Build.0 = Debug|Win32
		{88D5118B-E7AE-4958-9753-E3A6A8C2BF12}.Release|x64.ActiveCfg = Release|x64
		{88D5118B-E7AE-4958-9753-E3A6A8C2BF12}.Release|x64.Build.0 = Release|x64
		{88D5118B-E7AE-4958-9753-E3A6A8C2BF12}.Release|x86.ActiveCfg = Release|Win32
		{88D5118B-E7AE-4958-9753-E3A6A8C2BF12}.Release|x86.Build.0 = Release|Win32
		{51CCDC7C-99E6-44BB-8C58-9B67829D9F6A}.Debug|x64.ActiveCfg = Debug|x64
		{51CCDC7C-99E6-44BB-8C58-9B67829D9F6A}.Debug|x64.Build.0 = Debug|x64
		{51CCDC7C-99E6-44BB-8C58-9B67829D9F6A}.Debug|x86.ActiveCfg = Debug|Win32
		{51CCDC7C-99E6-44BB-8C58-9B67829D9F6A}.Debug|x86.Build.0 = Debug|Win32
		{51CCDC7C-99E6-44BB-8C58-9B67829D9F6A}.Release|x64.ActiveCfg = Release|x64
		{51CCDC7C-99E6-44BB-8C58-9B67829D9F6A}.Release|x64.Build.0 = Release|x64
		{51CCDC7C-99E6-44BB-8C58-9B67829D9F6A}.Release|x86.ActiveCfg = Release|Win32
		{51CCDC7C-99E6-44BB-8C58-9B67829D9F6A}.Release|x86.Build.0 = Release|Win32
		{7EDF9150-8AB0-48EF-B717-908F10F4CCA4}.Debug|x64.ActiveCfg = Debug|x64
		{7EDF9150-8AB0-48EF-B717-908F10F4CCA4}.Debug|x64.Build.0 = Debug|x64
		{7EDF9150-8AB0-48EF-B717-908F10F4CCA4}.Debug|x86.ActiveCfg = Debug|Win32
		{7EDF9150-8AB0-48EF-B717-908F10F4CCA4}.Debug|x86.Build.0 = Debug|Win32
		{7EDF9150-8AB0-48EF-B717-908F10F4CCA4}.Release|x64.ActiveCfg = Release|x64
		{7EDF9150-8AB0-48EF-B717-908F10F4CCA4}.Release|x64.Build.0 = Release|x64
		{7EDF9150-8AB0-48EF-B717-908F10F4CCA4}.Release|x86.ActiveCfg = Release|Win32
		{7EDF9150-8AB0-48EF-B717-908F10F4CCA4}.Release|x86.Build.0 = Release|Win32
		{AE394E73-893B-48BC-B848-395148C3764E}.Debug|x64.ActiveCfg = Debug|x64
		{AE394E73-893B-48BC-B848-395148C3764E}.Debug|x64.Build.0 = Debug|x64
		{AE394E73-893B-48BC-B848-395148C3764E}.Debug|x86.ActiveCfg = Debug|Win32
		{AE394E73-893B-48BC-B848-395148C3764E}.Debug|x86.Build.0 = Debug|Win32
		{AE394E73-893B-48BC-B848-395148C3764E}.Release|x64.ActiveCfg = Release|x64
		{AE394E73-893B-48BC-B848-395148C3764E}.Release|x64.Build.0 = Release|x64
		{AE394E73-893B-48BC-B848-395148C3764E}.Release|x86.ActiveCfg = Release|Win32
		{AE394E73-893B-48BC-B848-395148C3764E}.Release|x86.Build.0 = Release|Win32
	EndGlobalSection
	GlobalSection(SolutionProperties) = preSolution
		HideSolutionNode = FALSE
	EndGlobalSection
	GlobalSection(ExtensibilityGlobals) = postSolution
		SolutionGuid = {81ABF8B4-0BDD-4548-9B6E-3F1493CD2257}
	EndGlobalSection
EndGlobal
