
Microsoft Visual Studio Solution File, Format Version 12.00
# Visual Studio Version 16
VisualStudioVersion = 16.0.31624.102
MinimumVisualStudioVersion = 10.0.40219.1
Project("{8BC9CEB8-8B4A-11D0-8D11-00A0C91BC942}") = "01阶乘求和", "阶乘求和\阶乘求和.vcxproj", "{862C93DF-1022-4DE4-8626-40122D451226}"
EndProject
Project("{8BC9CEB8-8B4A-11D0-8D11-00A0C91BC942}") = "02Legendre多项式", "Ledengre多项式\Ledengre多项式.vcxproj", "{491D0BF2-0796-4F26-9D49-B52275C3BA84}"
EndProject
Project("{8BC9CEB8-8B4A-11D0-8D11-00A0C91BC942}") = "03整数正序分解", "整数正序分解\整数正序分解.vcxproj", "{AA66CAE2-6084-4231-A52C-B2B6A74FFCA9}"
EndProject
Project("{8BC9CEB8-8B4A-11D0-8D11-00A0C91BC942}") = "04整数逆序分解", "整数逆序分解\整数逆序分解.vcxproj", "{C409955D-3B15-451F-AD38-DC36330D4D62}"
EndProject
Project("{8BC9CEB8-8B4A-11D0-8D11-00A0C91BC942}") = "05Fibonacci数列", "Fibonacci数列\Fibonacci数列.vcxproj", "{102DB709-4FAB-4D1C-B5E3-D06F8D02CB85}"
EndProject
Project("{8BC9CEB8-8B4A-11D0-8D11-00A0C91BC942}") = "06判断幂", "判断幂\判断幂.vcxproj", "{C930B38B-6FFB-4D8A-934A-2F9F371AC9DB}"
EndProject
Project("{8BC9CEB8-8B4A-11D0-8D11-00A0C91BC942}") = "07字母菱形", "字母菱形\字母菱形.vcxproj", "{90EEFB58-BBC3-453F-AA76-88F39F9FEBFD}"
EndProject
Project("{8BC9CEB8-8B4A-11D0-8D11-00A0C91BC942}") = "08汉诺塔-基本移动", "汉诺塔-基本移动\汉诺塔-基本移动.vcxproj", "{462E7866-1E53-4165-B127-950E80B33816}"
EndProject
Project("{8BC9CEB8-8B4A-11D0-8D11-00A0C91BC942}") = "09汉诺塔-步数记录(静态局部变量)", "汉诺塔-步数记录\汉诺塔-步数记录.vcxproj", "{CC97F3C5-1619-4920-9E94-D39417998234}"
EndProject
Project("{8BC9CEB8-8B4A-11D0-8D11-00A0C91BC942}") = "10汉诺塔-步数记录（全局变量）", "汉诺塔-步数记录（全局变量）\汉诺塔-步数记录（全局变量）.vcxproj", "{58948280-C7B4-4225-8B7D-3B9DD52DEA30}"
EndProject
Global
	GlobalSection(SolutionConfigurationPlatforms) = preSolution
		Debug|x64 = Debug|x64
		Debug|x86 = Debug|x86
		Release|x64 = Release|x64
		Release|x86 = Release|x86
	EndGlobalSection
	GlobalSection(ProjectConfigurationPlatforms) = postSolution
		{862C93DF-1022-4DE4-8626-40122D451226}.Debug|x64.ActiveCfg = Debug|x64
		{862C93DF-1022-4DE4-8626-40122D451226}.Debug|x64.Build.0 = Debug|x64
		{862C93DF-1022-4DE4-8626-40122D451226}.Debug|x86.ActiveCfg = Debug|Win32
		{862C93DF-1022-4DE4-8626-40122D451226}.Debug|x86.Build.0 = Debug|Win32
		{862C93DF-1022-4DE4-8626-40122D451226}.Release|x64.ActiveCfg = Release|x64
		{862C93DF-1022-4DE4-8626-40122D451226}.Release|x64.Build.0 = Release|x64
		{862C93DF-1022-4DE4-8626-40122D451226}.Release|x86.ActiveCfg = Release|Win32
		{862C93DF-1022-4DE4-8626-40122D451226}.Release|x86.Build.0 = Release|Win32
		{491D0BF2-0796-4F26-9D49-B52275C3BA84}.Debug|x64.ActiveCfg = Debug|x64
		{491D0BF2-0796-4F26-9D49-B52275C3BA84}.Debug|x64.Build.0 = Debug|x64
		{491D0BF2-0796-4F26-9D49-B52275C3BA84}.Debug|x86.ActiveCfg = Debug|Win32
		{491D0BF2-0796-4F26-9D49-B52275C3BA84}.Debug|x86.Build.0 = Debug|Win32
		{491D0BF2-0796-4F26-9D49-B52275C3BA84}.Release|x64.ActiveCfg = Release|x64
		{491D0BF2-0796-4F26-9D49-B52275C3BA84}.Release|x64.Build.0 = Release|x64
		{491D0BF2-0796-4F26-9D49-B52275C3BA84}.Release|x86.ActiveCfg = Release|Win32
		{491D0BF2-0796-4F26-9D49-B52275C3BA84}.Release|x86.Build.0 = Release|Win32
		{AA66CAE2-6084-4231-A52C-B2B6A74FFCA9}.Debug|x64.ActiveCfg = Debug|x64
		{AA66CAE2-6084-4231-A52C-B2B6A74FFCA9}.Debug|x64.Build.0 = Debug|x64
		{AA66CAE2-6084-4231-A52C-B2B6A74FFCA9}.Debug|x86.ActiveCfg = Debug|Win32
		{AA66CAE2-6084-4231-A52C-B2B6A74FFCA9}.Debug|x86.Build.0 = Debug|Win32
		{AA66CAE2-6084-4231-A52C-B2B6A74FFCA9}.Release|x64.ActiveCfg = Release|x64
		{AA66CAE2-6084-4231-A52C-B2B6A74FFCA9}.Release|x64.Build.0 = Release|x64
		{AA66CAE2-6084-4231-A52C-B2B6A74FFCA9}.Release|x86.ActiveCfg = Release|Win32
		{AA66CAE2-6084-4231-A52C-B2B6A74FFCA9}.Release|x86.Build.0 = Release|Win32
		{C409955D-3B15-451F-AD38-DC36330D4D62}.Debug|x64.ActiveCfg = Debug|x64
		{C409955D-3B15-451F-AD38-DC36330D4D62}.Debug|x64.Build.0 = Debug|x64
		{C409955D-3B15-451F-AD38-DC36330D4D62}.Debug|x86.ActiveCfg = Debug|Win32
		{C409955D-3B15-451F-AD38-DC36330D4D62}.Debug|x86.Build.0 = Debug|Win32
		{C409955D-3B15-451F-AD38-DC36330D4D62}.Release|x64.ActiveCfg = Release|x64
		{C409955D-3B15-451F-AD38-DC36330D4D62}.Release|x64.Build.0 = Release|x64
		{C409955D-3B15-451F-AD38-DC36330D4D62}.Release|x86.ActiveCfg = Release|Win32
		{C409955D-3B15-451F-AD38-DC36330D4D62}.Release|x86.Build.0 = Release|Win32
		{102DB709-4FAB-4D1C-B5E3-D06F8D02CB85}.Debug|x64.ActiveCfg = Debug|x64
		{102DB709-4FAB-4D1C-B5E3-D06F8D02CB85}.Debug|x64.Build.0 = Debug|x64
		{102DB709-4FAB-4D1C-B5E3-D06F8D02CB85}.Debug|x86.ActiveCfg = Debug|Win32
		{102DB709-4FAB-4D1C-B5E3-D06F8D02CB85}.Debug|x86.Build.0 = Debug|Win32
		{102DB709-4FAB-4D1C-B5E3-D06F8D02CB85}.Release|x64.ActiveCfg = Release|x64
		{102DB709-4FAB-4D1C-B5E3-D06F8D02CB85}.Release|x64.Build.0 = Release|x64
		{102DB709-4FAB-4D1C-B5E3-D06F8D02CB85}.Release|x86.ActiveCfg = Release|Win32
		{102DB709-4FAB-4D1C-B5E3-D06F8D02CB85}.Release|x86.Build.0 = Release|Win32
		{C930B38B-6FFB-4D8A-934A-2F9F371AC9DB}.Debug|x64.ActiveCfg = Debug|x64
		{C930B38B-6FFB-4D8A-934A-2F9F371AC9DB}.Debug|x64.Build.0 = Debug|x64
		{C930B38B-6FFB-4D8A-934A-2F9F371AC9DB}.Debug|x86.ActiveCfg = Debug|Win32
		{C930B38B-6FFB-4D8A-934A-2F9F371AC9DB}.Debug|x86.Build.0 = Debug|Win32
		{C930B38B-6FFB-4D8A-934A-2F9F371AC9DB}.Release|x64.ActiveCfg = Release|x64
		{C930B38B-6FFB-4D8A-934A-2F9F371AC9DB}.Release|x64.Build.0 = Release|x64
		{C930B38B-6FFB-4D8A-934A-2F9F371AC9DB}.Release|x86.ActiveCfg = Release|Win32
		{C930B38B-6FFB-4D8A-934A-2F9F371AC9DB}.Release|x86.Build.0 = Release|Win32
		{90EEFB58-BBC3-453F-AA76-88F39F9FEBFD}.Debug|x64.ActiveCfg = Debug|x64
		{90EEFB58-BBC3-453F-AA76-88F39F9FEBFD}.Debug|x64.Build.0 = Debug|x64
		{90EEFB58-BBC3-453F-AA76-88F39F9FEBFD}.Debug|x86.ActiveCfg = Debug|Win32
		{90EEFB58-BBC3-453F-AA76-88F39F9FEBFD}.Debug|x86.Build.0 = Debug|Win32
		{90EEFB58-BBC3-453F-AA76-88F39F9FEBFD}.Release|x64.ActiveCfg = Release|x64
		{90EEFB58-BBC3-453F-AA76-88F39F9FEBFD}.Release|x64.Build.0 = Release|x64
		{90EEFB58-BBC3-453F-AA76-88F39F9FEBFD}.Release|x86.ActiveCfg = Release|Win32
		{90EEFB58-BBC3-453F-AA76-88F39F9FEBFD}.Release|x86.Build.0 = Release|Win32
		{462E7866-1E53-4165-B127-950E80B33816}.Debug|x64.ActiveCfg = Debug|x64
		{462E7866-1E53-4165-B127-950E80B33816}.Debug|x64.Build.0 = Debug|x64
		{462E7866-1E53-4165-B127-950E80B33816}.Debug|x86.ActiveCfg = Debug|Win32
		{462E7866-1E53-4165-B127-950E80B33816}.Debug|x86.Build.0 = Debug|Win32
		{462E7866-1E53-4165-B127-950E80B33816}.Release|x64.ActiveCfg = Release|x64
		{462E7866-1E53-4165-B127-950E80B33816}.Release|x64.Build.0 = Release|x64
		{462E7866-1E53-4165-B127-950E80B33816}.Release|x86.ActiveCfg = Release|Win32
		{462E7866-1E53-4165-B127-950E80B33816}.Release|x86.Build.0 = Release|Win32
		{CC97F3C5-1619-4920-9E94-D39417998234}.Debug|x64.ActiveCfg = Debug|x64
		{CC97F3C5-1619-4920-9E94-D39417998234}.Debug|x64.Build.0 = Debug|x64
		{CC97F3C5-1619-4920-9E94-D39417998234}.Debug|x86.ActiveCfg = Debug|Win32
		{CC97F3C5-1619-4920-9E94-D39417998234}.Debug|x86.Build.0 = Debug|Win32
		{CC97F3C5-1619-4920-9E94-D39417998234}.Release|x64.ActiveCfg = Release|x64
		{CC97F3C5-1619-4920-9E94-D39417998234}.Release|x64.Build.0 = Release|x64
		{CC97F3C5-1619-4920-9E94-D39417998234}.Release|x86.ActiveCfg = Release|Win32
		{CC97F3C5-1619-4920-9E94-D39417998234}.Release|x86.Build.0 = Release|Win32
		{58948280-C7B4-4225-8B7D-3B9DD52DEA30}.Debug|x64.ActiveCfg = Debug|x64
		{58948280-C7B4-4225-8B7D-3B9DD52DEA30}.Debug|x64.Build.0 = Debug|x64
		{58948280-C7B4-4225-8B7D-3B9DD52DEA30}.Debug|x86.ActiveCfg = Debug|Win32
		{58948280-C7B4-4225-8B7D-3B9DD52DEA30}.Debug|x86.Build.0 = Debug|Win32
		{58948280-C7B4-4225-8B7D-3B9DD52DEA30}.Release|x64.ActiveCfg = Release|x64
		{58948280-C7B4-4225-8B7D-3B9DD52DEA30}.Release|x64.Build.0 = Release|x64
		{58948280-C7B4-4225-8B7D-3B9DD52DEA30}.Release|x86.ActiveCfg = Release|Win32
		{58948280-C7B4-4225-8B7D-3B9DD52DEA30}.Release|x86.Build.0 = Release|Win32
	EndGlobalSection
	GlobalSection(SolutionProperties) = preSolution
		HideSolutionNode = FALSE
	EndGlobalSection
	GlobalSection(ExtensibilityGlobals) = postSolution
		SolutionGuid = {EB0D8B94-2BF2-4EE7-B999-518B0BE880AB}
	EndGlobalSection
EndGlobal
