
Microsoft Visual Studio Solution File, Format Version 12.00
# Visual Studio Version 16
VisualStudioVersion = 16.0.31624.102
MinimumVisualStudioVersion = 10.0.40219.1
Project("{8BC9CEB8-8B4A-11D0-8D11-00A0C91BC942}") = "01有序插入仍有序", "有序插入仍有序\有序插入仍有序.vcxproj", "{9378D49A-A3F2-413A-A463-99D4D3B4BD9F}"
EndProject
Project("{8BC9CEB8-8B4A-11D0-8D11-00A0C91BC942}") = "02百盏灯明灭", "百盏灯明灭\百盏灯明灭.vcxproj", "{4A830267-0577-4271-9326-E6146F692C2C}"
EndProject
Project("{8BC9CEB8-8B4A-11D0-8D11-00A0C91BC942}") = "03入日期得天数", "入日期得天数\入日期得天数.vcxproj", "{27236A3B-6D6B-4873-8F30-9B08DEC89025}"
EndProject
Project("{8BC9CEB8-8B4A-11D0-8D11-00A0C91BC942}") = "04成绩计数", "04成绩计数\04成绩计数.vcxproj", "{F1CBEA55-DEBB-4618-98F0-9DAD04E00D80}"
EndProject
Project("{8BC9CEB8-8B4A-11D0-8D11-00A0C91BC942}") = "05成绩排序", "成绩排序\成绩排序.vcxproj", "{F923BEDF-28D3-4798-A593-2F81B733A7ED}"
EndProject
Project("{8BC9CEB8-8B4A-11D0-8D11-00A0C91BC942}") = "06一维数组汉诺塔", "一维数组汉诺塔\一维数组汉诺塔.vcxproj", "{A4F44C9E-78B1-414C-90D4-84B2C5F7CEC8}"
EndProject
Project("{8BC9CEB8-8B4A-11D0-8D11-00A0C91BC942}") = "07二维数组汉诺塔", "二维数组汉诺塔\二维数组汉诺塔.vcxproj", "{EFEA7060-7974-4D03-A48C-A0C22762535A}"
EndProject
Project("{8BC9CEB8-8B4A-11D0-8D11-00A0C91BC942}") = "08纵横汉诺塔", "08纵横汉诺塔\08纵横汉诺塔.vcxproj", "{73F83215-F7DA-4CFC-9BB4-29117C13DA38}"
EndProject
Project("{8BC9CEB8-8B4A-11D0-8D11-00A0C91BC942}") = "09凸多边形", "09凸多边形\09凸多边形.vcxproj", "{8E7726F7-4386-4BC5-9E38-872F1FE28C7B}"
EndProject
Project("{8BC9CEB8-8B4A-11D0-8D11-00A0C91BC942}") = "10数独判断", "10数独判断\10数独判断.vcxproj", "{9655D335-5C2D-43C0-8497-17682AC599BE}"
EndProject
Project("{8BC9CEB8-8B4A-11D0-8D11-00A0C91BC942}") = "11打印年历", "11打印年历\11打印年历.vcxproj", "{4A97EA6C-0429-40E7-99C4-5A8C6A774E89}"
EndProject
Project("{8BC9CEB8-8B4A-11D0-8D11-00A0C91BC942}") = "12数组人民币02c++", "12数组人民币02c++\12数组人民币02c++.vcxproj", "{2EC98AC4-96DE-4D6E-A9DB-F0E3B7C453AD}"
EndProject
Project("{8BC9CEB8-8B4A-11D0-8D11-00A0C91BC942}") = "12数组人民币01c", "12数组人民币01c\12数组人民币01c.vcxproj", "{2FA23A94-AB9C-4074-AF2D-20D8ADCEF1B7}"
EndProject
Project("{8BC9CEB8-8B4A-11D0-8D11-00A0C91BC942}") = "13封装函数", "13封装函数\13封装函数.vcxproj", "{4EB0D728-8FB0-4E98-98BA-50585E86758C}"
EndProject
Project("{8BC9CEB8-8B4A-11D0-8D11-00A0C91BC942}") = "14神中神的扫雷", "14神中神的扫雷\14神中神的扫雷.vcxproj", "{EFB3E701-DF17-4A93-B155-A7E3218757B8}"
EndProject
Project("{8BC9CEB8-8B4A-11D0-8D11-00A0C91BC942}") = "15神中神的扫雷验证", "15神中神的扫雷验证\15神中神的扫雷验证.vcxproj", "{9987F337-E741-4211-88DC-07144DBFECDE}"
EndProject
Project("{8BC9CEB8-8B4A-11D0-8D11-00A0C91BC942}") = "16统计字符数量", "16统计字符数量\16统计字符数量.vcxproj", "{4070EB04-955A-4C6D-86D1-7234AF98AC0B}"
EndProject
Project("{8BC9CEB8-8B4A-11D0-8D11-00A0C91BC942}") = "17-02-c++升序打印不及格", "17-02-c++升序打印不及格\17-02-c++升序打印不及格.vcxproj", "{9CD4BF36-CDC5-4C7F-B6D8-3B89EF000E28}"
EndProject
Project("{8BC9CEB8-8B4A-11D0-8D11-00A0C91BC942}") = "17-03-c++升序学号打印学生", "17-03-c++升序学号打印学生\17-03-c++升序学号打印学生.vcxproj", "{E5B3882F-130F-4268-83A5-9131634AFA9F}"
EndProject
Project("{8BC9CEB8-8B4A-11D0-8D11-00A0C91BC942}") = "17-04-c降序打印学生", "17-04-c降序打印学生\17-04-c降序打印学生.vcxproj", "{E8983225-3366-44ED-8C1E-F741B49A17FC}"
EndProject
Project("{8BC9CEB8-8B4A-11D0-8D11-00A0C91BC942}") = "17-01-c学号降序", "17-01-c学号降序\17-01-c学号降序.vcxproj", "{3887535D-C9D2-4597-BA47-40B7E4BCF9DC}"
EndProject
Project("{8BC9CEB8-8B4A-11D0-8D11-00A0C91BC942}") = "18密码生成", "18密码生成\18密码生成.vcxproj", "{58135743-2D2D-4CAE-8DD0-F4A9C171F8AF}"
EndProject
Project("{8BC9CEB8-8B4A-11D0-8D11-00A0C91BC942}") = "19密码验证", "19密码验证\19密码验证.vcxproj", "{450B601A-DA8F-4FF6-9547-DCE12A7B616D}"
EndProject
Global
	GlobalSection(SolutionConfigurationPlatforms) = preSolution
		Debug|x64 = Debug|x64
		Debug|x86 = Debug|x86
		Release|x64 = Release|x64
		Release|x86 = Release|x86
	EndGlobalSection
	GlobalSection(ProjectConfigurationPlatforms) = postSolution
		{9378D49A-A3F2-413A-A463-99D4D3B4BD9F}.Debug|x64.ActiveCfg = Debug|x64
		{9378D49A-A3F2-413A-A463-99D4D3B4BD9F}.Debug|x64.Build.0 = Debug|x64
		{9378D49A-A3F2-413A-A463-99D4D3B4BD9F}.Debug|x86.ActiveCfg = Debug|Win32
		{9378D49A-A3F2-413A-A463-99D4D3B4BD9F}.Debug|x86.Build.0 = Debug|Win32
		{9378D49A-A3F2-413A-A463-99D4D3B4BD9F}.Release|x64.ActiveCfg = Release|x64
		{9378D49A-A3F2-413A-A463-99D4D3B4BD9F}.Release|x64.Build.0 = Release|x64
		{9378D49A-A3F2-413A-A463-99D4D3B4BD9F}.Release|x86.ActiveCfg = Release|Win32
		{9378D49A-A3F2-413A-A463-99D4D3B4BD9F}.Release|x86.Build.0 = Release|Win32
		{4A830267-0577-4271-9326-E6146F692C2C}.Debug|x64.ActiveCfg = Debug|x64
		{4A830267-0577-4271-9326-E6146F692C2C}.Debug|x64.Build.0 = Debug|x64
		{4A830267-0577-4271-9326-E6146F692C2C}.Debug|x86.ActiveCfg = Debug|Win32
		{4A830267-0577-4271-9326-E6146F692C2C}.Debug|x86.Build.0 = Debug|Win32
		{4A830267-0577-4271-9326-E6146F692C2C}.Release|x64.ActiveCfg = Release|x64
		{4A830267-0577-4271-9326-E6146F692C2C}.Release|x64.Build.0 = Release|x64
		{4A830267-0577-4271-9326-E6146F692C2C}.Release|x86.ActiveCfg = Release|Win32
		{4A830267-0577-4271-9326-E6146F692C2C}.Release|x86.Build.0 = Release|Win32
		{27236A3B-6D6B-4873-8F30-9B08DEC89025}.Debug|x64.ActiveCfg = Debug|x64
		{27236A3B-6D6B-4873-8F30-9B08DEC89025}.Debug|x64.Build.0 = Debug|x64
		{27236A3B-6D6B-4873-8F30-9B08DEC89025}.Debug|x86.ActiveCfg = Debug|Win32
		{27236A3B-6D6B-4873-8F30-9B08DEC89025}.Debug|x86.Build.0 = Debug|Win32
		{27236A3B-6D6B-4873-8F30-9B08DEC89025}.Release|x64.ActiveCfg = Release|x64
		{27236A3B-6D6B-4873-8F30-9B08DEC89025}.Release|x64.Build.0 = Release|x64
		{27236A3B-6D6B-4873-8F30-9B08DEC89025}.Release|x86.ActiveCfg = Release|Win32
		{27236A3B-6D6B-4873-8F30-9B08DEC89025}.Release|x86.Build.0 = Release|Win32
		{F1CBEA55-DEBB-4618-98F0-9DAD04E00D80}.Debug|x64.ActiveCfg = Debug|x64
		{F1CBEA55-DEBB-4618-98F0-9DAD04E00D80}.Debug|x64.Build.0 = Debug|x64
		{F1CBEA55-DEBB-4618-98F0-9DAD04E00D80}.Debug|x86.ActiveCfg = Debug|Win32
		{F1CBEA55-DEBB-4618-98F0-9DAD04E00D80}.Debug|x86.Build.0 = Debug|Win32
		{F1CBEA55-DEBB-4618-98F0-9DAD04E00D80}.Release|x64.ActiveCfg = Release|x64
		{F1CBEA55-DEBB-4618-98F0-9DAD04E00D80}.Release|x64.Build.0 = Release|x64
		{F1CBEA55-DEBB-4618-98F0-9DAD04E00D80}.Release|x86.ActiveCfg = Release|Win32
		{F1CBEA55-DEBB-4618-98F0-9DAD04E00D80}.Release|x86.Build.0 = Release|Win32
		{F923BEDF-28D3-4798-A593-2F81B733A7ED}.Debug|x64.ActiveCfg = Debug|x64
		{F923BEDF-28D3-4798-A593-2F81B733A7ED}.Debug|x64.Build.0 = Debug|x64
		{F923BEDF-28D3-4798-A593-2F81B733A7ED}.Debug|x86.ActiveCfg = Debug|Win32
		{F923BEDF-28D3-4798-A593-2F81B733A7ED}.Debug|x86.Build.0 = Debug|Win32
		{F923BEDF-28D3-4798-A593-2F81B733A7ED}.Release|x64.ActiveCfg = Release|x64
		{F923BEDF-28D3-4798-A593-2F81B733A7ED}.Release|x64.Build.0 = Release|x64
		{F923BEDF-28D3-4798-A593-2F81B733A7ED}.Release|x86.ActiveCfg = Release|Win32
		{F923BEDF-28D3-4798-A593-2F81B733A7ED}.Release|x86.Build.0 = Release|Win32
		{A4F44C9E-78B1-414C-90D4-84B2C5F7CEC8}.Debug|x64.ActiveCfg = Debug|x64
		{A4F44C9E-78B1-414C-90D4-84B2C5F7CEC8}.Debug|x64.Build.0 = Debug|x64
		{A4F44C9E-78B1-414C-90D4-84B2C5F7CEC8}.Debug|x86.ActiveCfg = Debug|Win32
		{A4F44C9E-78B1-414C-90D4-84B2C5F7CEC8}.Debug|x86.Build.0 = Debug|Win32
		{A4F44C9E-78B1-414C-90D4-84B2C5F7CEC8}.Release|x64.ActiveCfg = Release|x64
		{A4F44C9E-78B1-414C-90D4-84B2C5F7CEC8}.Release|x64.Build.0 = Release|x64
		{A4F44C9E-78B1-414C-90D4-84B2C5F7CEC8}.Release|x86.ActiveCfg = Release|Win32
		{A4F44C9E-78B1-414C-90D4-84B2C5F7CEC8}.Release|x86.Build.0 = Release|Win32
		{EFEA7060-7974-4D03-A48C-A0C22762535A}.Debug|x64.ActiveCfg = Debug|x64
		{EFEA7060-7974-4D03-A48C-A0C22762535A}.Debug|x64.Build.0 = Debug|x64
		{EFEA7060-7974-4D03-A48C-A0C22762535A}.Debug|x86.ActiveCfg = Debug|Win32
		{EFEA7060-7974-4D03-A48C-A0C22762535A}.Debug|x86.Build.0 = Debug|Win32
		{EFEA7060-7974-4D03-A48C-A0C22762535A}.Release|x64.ActiveCfg = Release|x64
		{EFEA7060-7974-4D03-A48C-A0C22762535A}.Release|x64.Build.0 = Release|x64
		{EFEA7060-7974-4D03-A48C-A0C22762535A}.Release|x86.ActiveCfg = Release|Win32
		{EFEA7060-7974-4D03-A48C-A0C22762535A}.Release|x86.Build.0 = Release|Win32
		{73F83215-F7DA-4CFC-9BB4-29117C13DA38}.Debug|x64.ActiveCfg = Debug|x64
		{73F83215-F7DA-4CFC-9BB4-29117C13DA38}.Debug|x64.Build.0 = Debug|x64
		{73F83215-F7DA-4CFC-9BB4-29117C13DA38}.Debug|x86.ActiveCfg = Debug|Win32
		{73F83215-F7DA-4CFC-9BB4-29117C13DA38}.Debug|x86.Build.0 = Debug|Win32
		{73F83215-F7DA-4CFC-9BB4-29117C13DA38}.Release|x64.ActiveCfg = Release|x64
		{73F83215-F7DA-4CFC-9BB4-29117C13DA38}.Release|x64.Build.0 = Release|x64
		{73F83215-F7DA-4CFC-9BB4-29117C13DA38}.Release|x86.ActiveCfg = Release|Win32
		{73F83215-F7DA-4CFC-9BB4-29117C13DA38}.Release|x86.Build.0 = Release|Win32
		{8E7726F7-4386-4BC5-9E38-872F1FE28C7B}.Debug|x64.ActiveCfg = Debug|x64
		{8E7726F7-4386-4BC5-9E38-872F1FE28C7B}.Debug|x64.Build.0 = Debug|x64
		{8E7726F7-4386-4BC5-9E38-872F1FE28C7B}.Debug|x86.ActiveCfg = Debug|Win32
		{8E7726F7-4386-4BC5-9E38-872F1FE28C7B}.Debug|x86.Build.0 = Debug|Win32
		{8E7726F7-4386-4BC5-9E38-872F1FE28C7B}.Release|x64.ActiveCfg = Release|x64
		{8E7726F7-4386-4BC5-9E38-872F1FE28C7B}.Release|x64.Build.0 = Release|x64
		{8E7726F7-4386-4BC5-9E38-872F1FE28C7B}.Release|x86.ActiveCfg = Release|Win32
		{8E7726F7-4386-4BC5-9E38-872F1FE28C7B}.Release|x86.Build.0 = Release|Win32
		{9655D335-5C2D-43C0-8497-17682AC599BE}.Debug|x64.ActiveCfg = Debug|x64
		{9655D335-5C2D-43C0-8497-17682AC599BE}.Debug|x64.Build.0 = Debug|x64
		{9655D335-5C2D-43C0-8497-17682AC599BE}.Debug|x86.ActiveCfg = Debug|Win32
		{9655D335-5C2D-43C0-8497-17682AC599BE}.Debug|x86.Build.0 = Debug|Win32
		{9655D335-5C2D-43C0-8497-17682AC599BE}.Release|x64.ActiveCfg = Release|x64
		{9655D335-5C2D-43C0-8497-17682AC599BE}.Release|x64.Build.0 = Release|x64
		{9655D335-5C2D-43C0-8497-17682AC599BE}.Release|x86.ActiveCfg = Release|Win32
		{9655D335-5C2D-43C0-8497-17682AC599BE}.Release|x86.Build.0 = Release|Win32
		{4A97EA6C-0429-40E7-99C4-5A8C6A774E89}.Debug|x64.ActiveCfg = Debug|x64
		{4A97EA6C-0429-40E7-99C4-5A8C6A774E89}.Debug|x64.Build.0 = Debug|x64
		{4A97EA6C-0429-40E7-99C4-5A8C6A774E89}.Debug|x86.ActiveCfg = Debug|Win32
		{4A97EA6C-0429-40E7-99C4-5A8C6A774E89}.Debug|x86.Build.0 = Debug|Win32
		{4A97EA6C-0429-40E7-99C4-5A8C6A774E89}.Release|x64.ActiveCfg = Release|x64
		{4A97EA6C-0429-40E7-99C4-5A8C6A774E89}.Release|x64.Build.0 = Release|x64
		{4A97EA6C-0429-40E7-99C4-5A8C6A774E89}.Release|x86.ActiveCfg = Release|Win32
		{4A97EA6C-0429-40E7-99C4-5A8C6A774E89}.Release|x86.Build.0 = Release|Win32
		{2EC98AC4-96DE-4D6E-A9DB-F0E3B7C453AD}.Debug|x64.ActiveCfg = Debug|x64
		{2EC98AC4-96DE-4D6E-A9DB-F0E3B7C453AD}.Debug|x64.Build.0 = Debug|x64
		{2EC98AC4-96DE-4D6E-A9DB-F0E3B7C453AD}.Debug|x86.ActiveCfg = Debug|Win32
		{2EC98AC4-96DE-4D6E-A9DB-F0E3B7C453AD}.Debug|x86.Build.0 = Debug|Win32
		{2EC98AC4-96DE-4D6E-A9DB-F0E3B7C453AD}.Release|x64.ActiveCfg = Release|x64
		{2EC98AC4-96DE-4D6E-A9DB-F0E3B7C453AD}.Release|x64.Build.0 = Release|x64
		{2EC98AC4-96DE-4D6E-A9DB-F0E3B7C453AD}.Release|x86.ActiveCfg = Release|Win32
		{2EC98AC4-96DE-4D6E-A9DB-F0E3B7C453AD}.Release|x86.Build.0 = Release|Win32
		{2FA23A94-AB9C-4074-AF2D-20D8ADCEF1B7}.Debug|x64.ActiveCfg = Debug|x64
		{2FA23A94-AB9C-4074-AF2D-20D8ADCEF1B7}.Debug|x64.Build.0 = Debug|x64
		{2FA23A94-AB9C-4074-AF2D-20D8ADCEF1B7}.Debug|x86.ActiveCfg = Debug|Win32
		{2FA23A94-AB9C-4074-AF2D-20D8ADCEF1B7}.Debug|x86.Build.0 = Debug|Win32
		{2FA23A94-AB9C-4074-AF2D-20D8ADCEF1B7}.Release|x64.ActiveCfg = Release|x64
		{2FA23A94-AB9C-4074-AF2D-20D8ADCEF1B7}.Release|x64.Build.0 = Release|x64
		{2FA23A94-AB9C-4074-AF2D-20D8ADCEF1B7}.Release|x86.ActiveCfg = Release|Win32
		{2FA23A94-AB9C-4074-AF2D-20D8ADCEF1B7}.Release|x86.Build.0 = Release|Win32
		{4EB0D728-8FB0-4E98-98BA-50585E86758C}.Debug|x64.ActiveCfg = Debug|x64
		{4EB0D728-8FB0-4E98-98BA-50585E86758C}.Debug|x64.Build.0 = Debug|x64
		{4EB0D728-8FB0-4E98-98BA-50585E86758C}.Debug|x86.ActiveCfg = Debug|Win32
		{4EB0D728-8FB0-4E98-98BA-50585E86758C}.Debug|x86.Build.0 = Debug|Win32
		{4EB0D728-8FB0-4E98-98BA-50585E86758C}.Release|x64.ActiveCfg = Release|x64
		{4EB0D728-8FB0-4E98-98BA-50585E86758C}.Release|x64.Build.0 = Release|x64
		{4EB0D728-8FB0-4E98-98BA-50585E86758C}.Release|x86.ActiveCfg = Release|Win32
		{4EB0D728-8FB0-4E98-98BA-50585E86758C}.Release|x86.Build.0 = Release|Win32
		{EFB3E701-DF17-4A93-B155-A7E3218757B8}.Debug|x64.ActiveCfg = Debug|x64
		{EFB3E701-DF17-4A93-B155-A7E3218757B8}.Debug|x64.Build.0 = Debug|x64
		{EFB3E701-DF17-4A93-B155-A7E3218757B8}.Debug|x86.ActiveCfg = Debug|Win32
		{EFB3E701-DF17-4A93-B155-A7E3218757B8}.Debug|x86.Build.0 = Debug|Win32
		{EFB3E701-DF17-4A93-B155-A7E3218757B8}.Release|x64.ActiveCfg = Release|x64
		{EFB3E701-DF17-4A93-B155-A7E3218757B8}.Release|x64.Build.0 = Release|x64
		{EFB3E701-DF17-4A93-B155-A7E3218757B8}.Release|x86.ActiveCfg = Release|Win32
		{EFB3E701-DF17-4A93-B155-A7E3218757B8}.Release|x86.Build.0 = Release|Win32
		{9987F337-E741-4211-88DC-07144DBFECDE}.Debug|x64.ActiveCfg = Debug|x64
		{9987F337-E741-4211-88DC-07144DBFECDE}.Debug|x64.Build.0 = Debug|x64
		{9987F337-E741-4211-88DC-07144DBFECDE}.Debug|x86.ActiveCfg = Debug|Win32
		{9987F337-E741-4211-88DC-07144DBFECDE}.Debug|x86.Build.0 = Debug|Win32
		{9987F337-E741-4211-88DC-07144DBFECDE}.Release|x64.ActiveCfg = Release|x64
		{9987F337-E741-4211-88DC-07144DBFECDE}.Release|x64.Build.0 = Release|x64
		{9987F337-E741-4211-88DC-07144DBFECDE}.Release|x86.ActiveCfg = Release|Win32
		{9987F337-E741-4211-88DC-07144DBFECDE}.Release|x86.Build.0 = Release|Win32
		{4070EB04-955A-4C6D-86D1-7234AF98AC0B}.Debug|x64.ActiveCfg = Debug|x64
		{4070EB04-955A-4C6D-86D1-7234AF98AC0B}.Debug|x64.Build.0 = Debug|x64
		{4070EB04-955A-4C6D-86D1-7234AF98AC0B}.Debug|x86.ActiveCfg = Debug|Win32
		{4070EB04-955A-4C6D-86D1-7234AF98AC0B}.Debug|x86.Build.0 = Debug|Win32
		{4070EB04-955A-4C6D-86D1-7234AF98AC0B}.Release|x64.ActiveCfg = Release|x64
		{4070EB04-955A-4C6D-86D1-7234AF98AC0B}.Release|x64.Build.0 = Release|x64
		{4070EB04-955A-4C6D-86D1-7234AF98AC0B}.Release|x86.ActiveCfg = Release|Win32
		{4070EB04-955A-4C6D-86D1-7234AF98AC0B}.Release|x86.Build.0 = Release|Win32
		{9CD4BF36-CDC5-4C7F-B6D8-3B89EF000E28}.Debug|x64.ActiveCfg = Debug|x64
		{9CD4BF36-CDC5-4C7F-B6D8-3B89EF000E28}.Debug|x64.Build.0 = Debug|x64
		{9CD4BF36-CDC5-4C7F-B6D8-3B89EF000E28}.Debug|x86.ActiveCfg = Debug|Win32
		{9CD4BF36-CDC5-4C7F-B6D8-3B89EF000E28}.Debug|x86.Build.0 = Debug|Win32
		{9CD4BF36-CDC5-4C7F-B6D8-3B89EF000E28}.Release|x64.ActiveCfg = Release|x64
		{9CD4BF36-CDC5-4C7F-B6D8-3B89EF000E28}.Release|x64.Build.0 = Release|x64
		{9CD4BF36-CDC5-4C7F-B6D8-3B89EF000E28}.Release|x86.ActiveCfg = Release|Win32
		{9CD4BF36-CDC5-4C7F-B6D8-3B89EF000E28}.Release|x86.Build.0 = Release|Win32
		{E5B3882F-130F-4268-83A5-9131634AFA9F}.Debug|x64.ActiveCfg = Debug|x64
		{E5B3882F-130F-4268-83A5-9131634AFA9F}.Debug|x64.Build.0 = Debug|x64
		{E5B3882F-130F-4268-83A5-9131634AFA9F}.Debug|x86.ActiveCfg = Debug|Win32
		{E5B3882F-130F-4268-83A5-9131634AFA9F}.Debug|x86.Build.0 = Debug|Win32
		{E5B3882F-130F-4268-83A5-9131634AFA9F}.Release|x64.ActiveCfg = Release|x64
		{E5B3882F-130F-4268-83A5-9131634AFA9F}.Release|x64.Build.0 = Release|x64
		{E5B3882F-130F-4268-83A5-9131634AFA9F}.Release|x86.ActiveCfg = Release|Win32
		{E5B3882F-130F-4268-83A5-9131634AFA9F}.Release|x86.Build.0 = Release|Win32
		{E8983225-3366-44ED-8C1E-F741B49A17FC}.Debug|x64.ActiveCfg = Debug|x64
		{E8983225-3366-44ED-8C1E-F741B49A17FC}.Debug|x64.Build.0 = Debug|x64
		{E8983225-3366-44ED-8C1E-F741B49A17FC}.Debug|x86.ActiveCfg = Debug|Win32
		{E8983225-3366-44ED-8C1E-F741B49A17FC}.Debug|x86.Build.0 = Debug|Win32
		{E8983225-3366-44ED-8C1E-F741B49A17FC}.Release|x64.ActiveCfg = Release|x64
		{E8983225-3366-44ED-8C1E-F741B49A17FC}.Release|x64.Build.0 = Release|x64
		{E8983225-3366-44ED-8C1E-F741B49A17FC}.Release|x86.ActiveCfg = Release|Win32
		{E8983225-3366-44ED-8C1E-F741B49A17FC}.Release|x86.Build.0 = Release|Win32
		{3887535D-C9D2-4597-BA47-40B7E4BCF9DC}.Debug|x64.ActiveCfg = Debug|x64
		{3887535D-C9D2-4597-BA47-40B7E4BCF9DC}.Debug|x64.Build.0 = Debug|x64
		{3887535D-C9D2-4597-BA47-40B7E4BCF9DC}.Debug|x86.ActiveCfg = Debug|Win32
		{3887535D-C9D2-4597-BA47-40B7E4BCF9DC}.Debug|x86.Build.0 = Debug|Win32
		{3887535D-C9D2-4597-BA47-40B7E4BCF9DC}.Release|x64.ActiveCfg = Release|x64
		{3887535D-C9D2-4597-BA47-40B7E4BCF9DC}.Release|x64.Build.0 = Release|x64
		{3887535D-C9D2-4597-BA47-40B7E4BCF9DC}.Release|x86.ActiveCfg = Release|Win32
		{3887535D-C9D2-4597-BA47-40B7E4BCF9DC}.Release|x86.Build.0 = Release|Win32
		{58135743-2D2D-4CAE-8DD0-F4A9C171F8AF}.Debug|x64.ActiveCfg = Debug|x64
		{58135743-2D2D-4CAE-8DD0-F4A9C171F8AF}.Debug|x64.Build.0 = Debug|x64
		{58135743-2D2D-4CAE-8DD0-F4A9C171F8AF}.Debug|x86.ActiveCfg = Debug|Win32
		{58135743-2D2D-4CAE-8DD0-F4A9C171F8AF}.Debug|x86.Build.0 = Debug|Win32
		{58135743-2D2D-4CAE-8DD0-F4A9C171F8AF}.Release|x64.ActiveCfg = Release|x64
		{58135743-2D2D-4CAE-8DD0-F4A9C171F8AF}.Release|x64.Build.0 = Release|x64
		{58135743-2D2D-4CAE-8DD0-F4A9C171F8AF}.Release|x86.ActiveCfg = Release|Win32
		{58135743-2D2D-4CAE-8DD0-F4A9C171F8AF}.Release|x86.Build.0 = Release|Win32
		{450B601A-DA8F-4FF6-9547-DCE12A7B616D}.Debug|x64.ActiveCfg = Debug|x64
		{450B601A-DA8F-4FF6-9547-DCE12A7B616D}.Debug|x64.Build.0 = Debug|x64
		{450B601A-DA8F-4FF6-9547-DCE12A7B616D}.Debug|x86.ActiveCfg = Debug|Win32
		{450B601A-DA8F-4FF6-9547-DCE12A7B616D}.Debug|x86.Build.0 = Debug|Win32
		{450B601A-DA8F-4FF6-9547-DCE12A7B616D}.Release|x64.ActiveCfg = Release|x64
		{450B601A-DA8F-4FF6-9547-DCE12A7B616D}.Release|x64.Build.0 = Release|x64
		{450B601A-DA8F-4FF6-9547-DCE12A7B616D}.Release|x86.ActiveCfg = Release|Win32
		{450B601A-DA8F-4FF6-9547-DCE12A7B616D}.Release|x86.Build.0 = Release|Win32
	EndGlobalSection
	GlobalSection(SolutionProperties) = preSolution
		HideSolutionNode = FALSE
	EndGlobalSection
	GlobalSection(ExtensibilityGlobals) = postSolution
		SolutionGuid = {12A7D503-3484-4A9C-87C8-2D459D73D1E2}
	EndGlobalSection
EndGlobal
