
Microsoft Visual Studio Solution File, Format Version 12.00
# Visual Studio Version 17
VisualStudioVersion = 17.3.32825.248
MinimumVisualStudioVersion = 10.0.40219.1
Project("{8BC9CEB8-8B4A-11D0-8D11-00A0C91BC942}") = "01位运算模拟多开关", "01位运算模拟多开关\01位运算模拟多开关.vcxproj", "{54792D81-2BA7-4B61-800C-3CE56EDC759A}"
EndProject
Project("{8BC9CEB8-8B4A-11D0-8D11-00A0C91BC942}") = "02斗地主发牌", "02斗地主发牌\02斗地主发牌.vcxproj", "{F2C546E0-DF7D-4C15-AB5A-E5CD0BE5546A}"
EndProject
Project("{8BC9CEB8-8B4A-11D0-8D11-00A0C91BC942}") = "03作业相似度参数模拟", "03作业相似度参数模拟\03作业相似度参数模拟.vcxproj", "{07086190-BFF8-41BD-9848-93C07064A591}"
EndProject
Project("{8BC9CEB8-8B4A-11D0-8D11-00A0C91BC942}") = "04模拟ping的参数解析", "04模拟ping的参数解析\04模拟ping的参数解析.vcxproj", "{3054005C-4A21-40FE-B3CD-B651E17977FE}"
EndProject
Global
	GlobalSection(SolutionConfigurationPlatforms) = preSolution
		Debug|x64 = Debug|x64
		Debug|x86 = Debug|x86
		Release|x64 = Release|x64
		Release|x86 = Release|x86
	EndGlobalSection
	GlobalSection(ProjectConfigurationPlatforms) = postSolution
		{54792D81-2BA7-4B61-800C-3CE56EDC759A}.Debug|x64.ActiveCfg = Debug|x64
		{54792D81-2BA7-4B61-800C-3CE56EDC759A}.Debug|x64.Build.0 = Debug|x64
		{54792D81-2BA7-4B61-800C-3CE56EDC759A}.Debug|x86.ActiveCfg = Debug|Win32
		{54792D81-2BA7-4B61-800C-3CE56EDC759A}.Debug|x86.Build.0 = Debug|Win32
		{54792D81-2BA7-4B61-800C-3CE56EDC759A}.Release|x64.ActiveCfg = Release|x64
		{54792D81-2BA7-4B61-800C-3CE56EDC759A}.Release|x64.Build.0 = Release|x64
		{54792D81-2BA7-4B61-800C-3CE56EDC759A}.Release|x86.ActiveCfg = Release|Win32
		{54792D81-2BA7-4B61-800C-3CE56EDC759A}.Release|x86.Build.0 = Release|Win32
		{F2C546E0-DF7D-4C15-AB5A-E5CD0BE5546A}.Debug|x64.ActiveCfg = Debug|x64
		{F2C546E0-DF7D-4C15-AB5A-E5CD0BE5546A}.Debug|x64.Build.0 = Debug|x64
		{F2C546E0-DF7D-4C15-AB5A-E5CD0BE5546A}.Debug|x86.ActiveCfg = Debug|Win32
		{F2C546E0-DF7D-4C15-AB5A-E5CD0BE5546A}.Debug|x86.Build.0 = Debug|Win32
		{F2C546E0-DF7D-4C15-AB5A-E5CD0BE5546A}.Release|x64.ActiveCfg = Release|x64
		{F2C546E0-DF7D-4C15-AB5A-E5CD0BE5546A}.Release|x64.Build.0 = Release|x64
		{F2C546E0-DF7D-4C15-AB5A-E5CD0BE5546A}.Release|x86.ActiveCfg = Release|Win32
		{F2C546E0-DF7D-4C15-AB5A-E5CD0BE5546A}.Release|x86.Build.0 = Release|Win32
		{07086190-BFF8-41BD-9848-93C07064A591}.Debug|x64.ActiveCfg = Debug|x64
		{07086190-BFF8-41BD-9848-93C07064A591}.Debug|x64.Build.0 = Debug|x64
		{07086190-BFF8-41BD-9848-93C07064A591}.Debug|x86.ActiveCfg = Debug|Win32
		{07086190-BFF8-41BD-9848-93C07064A591}.Debug|x86.Build.0 = Debug|Win32
		{07086190-BFF8-41BD-9848-93C07064A591}.Release|x64.ActiveCfg = Release|x64
		{07086190-BFF8-41BD-9848-93C07064A591}.Release|x64.Build.0 = Release|x64
		{07086190-BFF8-41BD-9848-93C07064A591}.Release|x86.ActiveCfg = Release|Win32
		{07086190-BFF8-41BD-9848-93C07064A591}.Release|x86.Build.0 = Release|Win32
		{3054005C-4A21-40FE-B3CD-B651E17977FE}.Debug|x64.ActiveCfg = Debug|x64
		{3054005C-4A21-40FE-B3CD-B651E17977FE}.Debug|x64.Build.0 = Debug|x64
		{3054005C-4A21-40FE-B3CD-B651E17977FE}.Debug|x86.ActiveCfg = Debug|Win32
		{3054005C-4A21-40FE-B3CD-B651E17977FE}.Debug|x86.Build.0 = Debug|Win32
		{3054005C-4A21-40FE-B3CD-B651E17977FE}.Release|x64.ActiveCfg = Release|x64
		{3054005C-4A21-40FE-B3CD-B651E17977FE}.Release|x64.Build.0 = Release|x64
		{3054005C-4A21-40FE-B3CD-B651E17977FE}.Release|x86.ActiveCfg = Release|Win32
		{3054005C-4A21-40FE-B3CD-B651E17977FE}.Release|x86.Build.0 = Release|Win32
	EndGlobalSection
	GlobalSection(SolutionProperties) = preSolution
		HideSolutionNode = FALSE
	EndGlobalSection
	GlobalSection(ExtensibilityGlobals) = postSolution
		SolutionGuid = {5B3F6A63-CB25-4653-9A86-9ABE4A44166A}
	EndGlobalSection
EndGlobal
