
Microsoft Visual Studio Solution File, Format Version 12.00
# Visual Studio Version 17
VisualStudioVersion = 17.3.32825.248
MinimumVisualStudioVersion = 10.0.40219.1
Project("{8BC9CEB8-8B4A-11D0-8D11-00A0C91BC942}") = "01行存放学生成绩", "01行存放学生成绩\01行存放学生成绩.vcxproj", "{69D8A74A-6E01-4344-8F87-64A26635C41D}"
EndProject
Project("{8BC9CEB8-8B4A-11D0-8D11-00A0C91BC942}") = "01行存放课程成绩", "01行存放课程成绩\01行存放课程成绩.vcxproj", "{9DD1DF40-5738-49F0-BE01-8A3084AB3710}"
EndProject
Project("{8BC9CEB8-8B4A-11D0-8D11-00A0C91BC942}") = "02求定积分", "02求定积分\02求定积分.vcxproj", "{77B0BA9E-D710-412B-9EAC-4780673F0D32}"
EndProject
Project("{8BC9CEB8-8B4A-11D0-8D11-00A0C91BC942}") = "03月份打印", "03月份打印\03月份打印.vcxproj", "{D0BCD24C-F844-4A51-BE79-9BBC90D7E363}"
EndProject
Project("{8BC9CEB8-8B4A-11D0-8D11-00A0C91BC942}") = "04一维指针引用", "04一维指针引用\04一维指针引用.vcxproj", "{942BFAF8-E372-4AF7-91A0-89268191FCC6}"
EndProject
Project("{8BC9CEB8-8B4A-11D0-8D11-00A0C91BC942}") = "05二维指针引用", "05二维指针引用\05二维指针引用.vcxproj", "{22F00363-AD22-4AE3-9748-D434FA762BB7}"
EndProject
Project("{8BC9CEB8-8B4A-11D0-8D11-00A0C91BC942}") = "06趣味指针", "06趣味指针\06趣味指针.vcxproj", "{54248EC9-D3DA-46C0-A017-B26EEDA4DAC9}"
EndProject
Global
	GlobalSection(SolutionConfigurationPlatforms) = preSolution
		Debug|x64 = Debug|x64
		Debug|x86 = Debug|x86
		Release|x64 = Release|x64
		Release|x86 = Release|x86
	EndGlobalSection
	GlobalSection(ProjectConfigurationPlatforms) = postSolution
		{69D8A74A-6E01-4344-8F87-64A26635C41D}.Debug|x64.ActiveCfg = Debug|x64
		{69D8A74A-6E01-4344-8F87-64A26635C41D}.Debug|x64.Build.0 = Debug|x64
		{69D8A74A-6E01-4344-8F87-64A26635C41D}.Debug|x86.ActiveCfg = Debug|Win32
		{69D8A74A-6E01-4344-8F87-64A26635C41D}.Debug|x86.Build.0 = Debug|Win32
		{69D8A74A-6E01-4344-8F87-64A26635C41D}.Release|x64.ActiveCfg = Release|x64
		{69D8A74A-6E01-4344-8F87-64A26635C41D}.Release|x64.Build.0 = Release|x64
		{69D8A74A-6E01-4344-8F87-64A26635C41D}.Release|x86.ActiveCfg = Release|Win32
		{69D8A74A-6E01-4344-8F87-64A26635C41D}.Release|x86.Build.0 = Release|Win32
		{9DD1DF40-5738-49F0-BE01-8A3084AB3710}.Debug|x64.ActiveCfg = Debug|x64
		{9DD1DF40-5738-49F0-BE01-8A3084AB3710}.Debug|x64.Build.0 = Debug|x64
		{9DD1DF40-5738-49F0-BE01-8A3084AB3710}.Debug|x86.ActiveCfg = Debug|Win32
		{9DD1DF40-5738-49F0-BE01-8A3084AB3710}.Debug|x86.Build.0 = Debug|Win32
		{9DD1DF40-5738-49F0-BE01-8A3084AB3710}.Release|x64.ActiveCfg = Release|x64
		{9DD1DF40-5738-49F0-BE01-8A3084AB3710}.Release|x64.Build.0 = Release|x64
		{9DD1DF40-5738-49F0-BE01-8A3084AB3710}.Release|x86.ActiveCfg = Release|Win32
		{9DD1DF40-5738-49F0-BE01-8A3084AB3710}.Release|x86.Build.0 = Release|Win32
		{77B0BA9E-D710-412B-9EAC-4780673F0D32}.Debug|x64.ActiveCfg = Debug|x64
		{77B0BA9E-D710-412B-9EAC-4780673F0D32}.Debug|x64.Build.0 = Debug|x64
		{77B0BA9E-D710-412B-9EAC-4780673F0D32}.Debug|x86.ActiveCfg = Debug|Win32
		{77B0BA9E-D710-412B-9EAC-4780673F0D32}.Debug|x86.Build.0 = Debug|Win32
		{77B0BA9E-D710-412B-9EAC-4780673F0D32}.Release|x64.ActiveCfg = Release|x64
		{77B0BA9E-D710-412B-9EAC-4780673F0D32}.Release|x64.Build.0 = Release|x64
		{77B0BA9E-D710-412B-9EAC-4780673F0D32}.Release|x86.ActiveCfg = Release|Win32
		{77B0BA9E-D710-412B-9EAC-4780673F0D32}.Release|x86.Build.0 = Release|Win32
		{D0BCD24C-F844-4A51-BE79-9BBC90D7E363}.Debug|x64.ActiveCfg = Debug|x64
		{D0BCD24C-F844-4A51-BE79-9BBC90D7E363}.Debug|x64.Build.0 = Debug|x64
		{D0BCD24C-F844-4A51-BE79-9BBC90D7E363}.Debug|x86.ActiveCfg = Debug|Win32
		{D0BCD24C-F844-4A51-BE79-9BBC90D7E363}.Debug|x86.Build.0 = Debug|Win32
		{D0BCD24C-F844-4A51-BE79-9BBC90D7E363}.Release|x64.ActiveCfg = Release|x64
		{D0BCD24C-F844-4A51-BE79-9BBC90D7E363}.Release|x64.Build.0 = Release|x64
		{D0BCD24C-F844-4A51-BE79-9BBC90D7E363}.Release|x86.ActiveCfg = Release|Win32
		{D0BCD24C-F844-4A51-BE79-9BBC90D7E363}.Release|x86.Build.0 = Release|Win32
		{942BFAF8-E372-4AF7-91A0-89268191FCC6}.Debug|x64.ActiveCfg = Debug|x64
		{942BFAF8-E372-4AF7-91A0-89268191FCC6}.Debug|x64.Build.0 = Debug|x64
		{942BFAF8-E372-4AF7-91A0-89268191FCC6}.Debug|x86.ActiveCfg = Debug|Win32
		{942BFAF8-E372-4AF7-91A0-89268191FCC6}.Debug|x86.Build.0 = Debug|Win32
		{942BFAF8-E372-4AF7-91A0-89268191FCC6}.Release|x64.ActiveCfg = Release|x64
		{942BFAF8-E372-4AF7-91A0-89268191FCC6}.Release|x64.Build.0 = Release|x64
		{942BFAF8-E372-4AF7-91A0-89268191FCC6}.Release|x86.ActiveCfg = Release|Win32
		{942BFAF8-E372-4AF7-91A0-89268191FCC6}.Release|x86.Build.0 = Release|Win32
		{22F00363-AD22-4AE3-9748-D434FA762BB7}.Debug|x64.ActiveCfg = Debug|x64
		{22F00363-AD22-4AE3-9748-D434FA762BB7}.Debug|x64.Build.0 = Debug|x64
		{22F00363-AD22-4AE3-9748-D434FA762BB7}.Debug|x86.ActiveCfg = Debug|Win32
		{22F00363-AD22-4AE3-9748-D434FA762BB7}.Debug|x86.Build.0 = Debug|Win32
		{22F00363-AD22-4AE3-9748-D434FA762BB7}.Release|x64.ActiveCfg = Release|x64
		{22F00363-AD22-4AE3-9748-D434FA762BB7}.Release|x64.Build.0 = Release|x64
		{22F00363-AD22-4AE3-9748-D434FA762BB7}.Release|x86.ActiveCfg = Release|Win32
		{22F00363-AD22-4AE3-9748-D434FA762BB7}.Release|x86.Build.0 = Release|Win32
		{54248EC9-D3DA-46C0-A017-B26EEDA4DAC9}.Debug|x64.ActiveCfg = Debug|x64
		{54248EC9-D3DA-46C0-A017-B26EEDA4DAC9}.Debug|x64.Build.0 = Debug|x64
		{54248EC9-D3DA-46C0-A017-B26EEDA4DAC9}.Debug|x86.ActiveCfg = Debug|Win32
		{54248EC9-D3DA-46C0-A017-B26EEDA4DAC9}.Debug|x86.Build.0 = Debug|Win32
		{54248EC9-D3DA-46C0-A017-B26EEDA4DAC9}.Release|x64.ActiveCfg = Release|x64
		{54248EC9-D3DA-46C0-A017-B26EEDA4DAC9}.Release|x64.Build.0 = Release|x64
		{54248EC9-D3DA-46C0-A017-B26EEDA4DAC9}.Release|x86.ActiveCfg = Release|Win32
		{54248EC9-D3DA-46C0-A017-B26EEDA4DAC9}.Release|x86.Build.0 = Release|Win32
	EndGlobalSection
	GlobalSection(SolutionProperties) = preSolution
		HideSolutionNode = FALSE
	EndGlobalSection
	GlobalSection(ExtensibilityGlobals) = postSolution
		SolutionGuid = {EF56C06A-4828-464F-A50F-526C8D150985}
	EndGlobalSection
EndGlobal
